
Microsoft Visual Studio Solution File, Format Version 12.00
# Visual Studio Version 16
VisualStudioVersion = 16.0.29326.143
MinimumVisualStudioVersion = 10.0.40219.1
Project("{2150E333-8FDC-42A3-9474-1A3956D46DE8}") = "src", "src", "{FBCC4771-9592-48F1-BC8D-ACBBD6EF2128}"
EndProject
Project("{9A19103F-16F7-4668-BE54-9A1E7A4F7556}") = "PowerChat.Common", "src\PowerChat.Common\PowerChat.Common.csproj", "{84C4F333-032F-41EA-93DE-96304A6BFA22}"
EndProject
Project("{2150E333-8FDC-42A3-9474-1A3956D46DE8}") = "Services", "Services", "{527249F1-9D76-4048-BBA3-6969FF8754B6}"
EndProject
Project("{9A19103F-16F7-4668-BE54-9A1E7A4F7556}") = "PowerChat.Services.Common", "src\Services\PowerChat.Services.Common\PowerChat.Services.Common.csproj", "{F39BF783-7332-4F63-981D-C5A4C54BFC1D}"
EndProject
Project("{9A19103F-16F7-4668-BE54-9A1E7A4F7556}") = "PowerChat.Services.Common.Application", "src\Services\PowerChat.Services.Common.Application\PowerChat.Services.Common.Application.csproj", "{5D6EB527-18C8-409F-8F20-64B1B262B693}"
EndProject
Project("{9A19103F-16F7-4668-BE54-9A1E7A4F7556}") = "PowerChat.Services.Common.Infrastructure", "src\Services\PowerChat.Services.Common.Infrastructure\PowerChat.Services.Common.Infrastructure.csproj", "{20D2797D-9198-4D4B-A524-D83D82C2A461}"
EndProject
Project("{2150E333-8FDC-42A3-9474-1A3956D46DE8}") = "Identity", "Identity", "{A482A6AA-24D9-4CF1-BF91-DAA43D581F7E}"
EndProject
Project("{9A19103F-16F7-4668-BE54-9A1E7A4F7556}") = "PowerChat.Services.Identity.Core", "src\Services\PowerChat.Services.Identity.Core\PowerChat.Services.Identity.Core.csproj", "{76040030-9F84-492B-9702-0EB9BD0B2293}"
EndProject
Project("{9A19103F-16F7-4668-BE54-9A1E7A4F7556}") = "PowerChat.Services.Identity.Application", "src\Services\PowerChat.Services.Identity.Application\PowerChat.Services.Identity.Application.csproj", "{ABBCB517-46C2-4726-9E9E-B9168CB2F4DB}"
EndProject
Project("{9A19103F-16F7-4668-BE54-9A1E7A4F7556}") = "PowerChat.Services.Identity.Infrastructure", "src\Services\PowerChat.Services.Identity.Infrastructure\PowerChat.Services.Identity.Infrastructure.csproj", "{238086D2-EC28-4383-8351-4EE43C43505C}"
EndProject
Project("{9A19103F-16F7-4668-BE54-9A1E7A4F7556}") = "PowerChat.Services.Identity.API", "src\Services\PowerChat.Services.Identity.API\PowerChat.Services.Identity.API.csproj", "{0F5A27C8-AB20-42EB-A1F0-91AC0031A339}"
EndProject
Project("{2150E333-8FDC-42A3-9474-1A3956D46DE8}") = "Users", "Users", "{6F520485-F85C-4950-9A76-E2AB05218CA0}"
EndProject
Project("{9A19103F-16F7-4668-BE54-9A1E7A4F7556}") = "PowerChat.Services.Users.Core", "src\Services\PowerChat.Services.Users.Core\PowerChat.Services.Users.Core.csproj", "{53DD43C2-CF9A-4E46-89EF-E618564402A5}"
EndProject
Project("{9A19103F-16F7-4668-BE54-9A1E7A4F7556}") = "PowerChat.Services.Users.Application", "src\Services\PowerChat.Services.Users.Application\PowerChat.Services.Users.Application.csproj", "{FE4E9772-A878-4E62-A872-0431DC3EEBB6}"
EndProject
Project("{9A19103F-16F7-4668-BE54-9A1E7A4F7556}") = "PowerChat.Services.Users.Infrastructure", "src\Services\PowerChat.Services.Users.Infrastructure\PowerChat.Services.Users.Infrastructure.csproj", "{806DF707-CE4C-4F21-9334-3C04DC98AF82}"
EndProject
Project("{9A19103F-16F7-4668-BE54-9A1E7A4F7556}") = "PowerChat.Services.Users.API", "src\Services\PowerChat.Services.Users.API\PowerChat.Services.Users.API.csproj", "{F1AAC3A7-1F25-4CEC-8C63-5030763984C6}"
EndProject
Project("{2150E333-8FDC-42A3-9474-1A3956D46DE8}") = "Chat", "Chat", "{931D4ED3-29F0-4136-B524-A2891B2BDA2E}"
EndProject
Project("{9A19103F-16F7-4668-BE54-9A1E7A4F7556}") = "PowerChat.Services.Chat.Core", "src\Services\PowerChat.Services.Chat.Core\PowerChat.Services.Chat.Core.csproj", "{B6DCFA5A-5B5D-4631-A9B7-908C70D58937}"
EndProject
Project("{9A19103F-16F7-4668-BE54-9A1E7A4F7556}") = "PowerChat.Services.Chat.Application", "src\Services\PowerChat.Services.Chat.Application\PowerChat.Services.Chat.Application.csproj", "{6B57CD21-7A5F-47E6-A301-C796727380FB}"
EndProject
Project("{9A19103F-16F7-4668-BE54-9A1E7A4F7556}") = "PowerChat.Services.Chat.Infrastructure", "src\Services\PowerChat.Services.Chat.Infrastructure\PowerChat.Services.Chat.Infrastructure.csproj", "{E07648F0-8A07-4969-86AA-A64F814C3C2D}"
EndProject
Project("{9A19103F-16F7-4668-BE54-9A1E7A4F7556}") = "PowerChat.Services.Chat.API", "src\Services\PowerChat.Services.Chat.API\PowerChat.Services.Chat.API.csproj", "{1251B741-E203-40E2-BA78-F748CC74C4CD}"
EndProject
Project("{FAE04EC0-301F-11D3-BF4B-00C04F79EFBC}") = "PowerChat.Gateway.API", "src\PowerChat.Gateway.API\PowerChat.Gateway.API.csproj", "{AF09FE22-3321-407F-AC4A-AF1431BC4D4B}"
EndProject
Global
	GlobalSection(SolutionConfigurationPlatforms) = preSolution
		Debug|Any CPU = Debug|Any CPU
		Release|Any CPU = Release|Any CPU
	EndGlobalSection
	GlobalSection(ProjectConfigurationPlatforms) = postSolution
		{84C4F333-032F-41EA-93DE-96304A6BFA22}.Debug|Any CPU.ActiveCfg = Debug|Any CPU
		{84C4F333-032F-41EA-93DE-96304A6BFA22}.Debug|Any CPU.Build.0 = Debug|Any CPU
		{84C4F333-032F-41EA-93DE-96304A6BFA22}.Release|Any CPU.ActiveCfg = Release|Any CPU
		{84C4F333-032F-41EA-93DE-96304A6BFA22}.Release|Any CPU.Build.0 = Release|Any CPU
		{F39BF783-7332-4F63-981D-C5A4C54BFC1D}.Debug|Any CPU.ActiveCfg = Debug|Any CPU
		{F39BF783-7332-4F63-981D-C5A4C54BFC1D}.Debug|Any CPU.Build.0 = Debug|Any CPU
		{F39BF783-7332-4F63-981D-C5A4C54BFC1D}.Release|Any CPU.ActiveCfg = Release|Any CPU
		{F39BF783-7332-4F63-981D-C5A4C54BFC1D}.Release|Any CPU.Build.0 = Release|Any CPU
		{5D6EB527-18C8-409F-8F20-64B1B262B693}.Debug|Any CPU.ActiveCfg = Debug|Any CPU
		{5D6EB527-18C8-409F-8F20-64B1B262B693}.Debug|Any CPU.Build.0 = Debug|Any CPU
		{5D6EB527-18C8-409F-8F20-64B1B262B693}.Release|Any CPU.ActiveCfg = Release|Any CPU
		{5D6EB527-18C8-409F-8F20-64B1B262B693}.Release|Any CPU.Build.0 = Release|Any CPU
		{20D2797D-9198-4D4B-A524-D83D82C2A461}.Debug|Any CPU.ActiveCfg = Debug|Any CPU
		{20D2797D-9198-4D4B-A524-D83D82C2A461}.Debug|Any CPU.Build.0 = Debug|Any CPU
		{20D2797D-9198-4D4B-A524-D83D82C2A461}.Release|Any CPU.ActiveCfg = Release|Any CPU
		{20D2797D-9198-4D4B-A524-D83D82C2A461}.Release|Any CPU.Build.0 = Release|Any CPU
		{76040030-9F84-492B-9702-0EB9BD0B2293}.Debug|Any CPU.ActiveCfg = Debug|Any CPU
		{76040030-9F84-492B-9702-0EB9BD0B2293}.Debug|Any CPU.Build.0 = Debug|Any CPU
		{76040030-9F84-492B-9702-0EB9BD0B2293}.Release|Any CPU.ActiveCfg = Release|Any CPU
		{76040030-9F84-492B-9702-0EB9BD0B2293}.Release|Any CPU.Build.0 = Release|Any CPU
		{ABBCB517-46C2-4726-9E9E-B9168CB2F4DB}.Debug|Any CPU.ActiveCfg = Debug|Any CPU
		{ABBCB517-46C2-4726-9E9E-B9168CB2F4DB}.Debug|Any CPU.Build.0 = Debug|Any CPU
		{ABBCB517-46C2-4726-9E9E-B9168CB2F4DB}.Release|Any CPU.ActiveCfg = Release|Any CPU
		{ABBCB517-46C2-4726-9E9E-B9168CB2F4DB}.Release|Any CPU.Build.0 = Release|Any CPU
		{238086D2-EC28-4383-8351-4EE43C43505C}.Debug|Any CPU.ActiveCfg = Debug|Any CPU
		{238086D2-EC28-4383-8351-4EE43C43505C}.Debug|Any CPU.Build.0 = Debug|Any CPU
		{238086D2-EC28-4383-8351-4EE43C43505C}.Release|Any CPU.ActiveCfg = Release|Any CPU
		{238086D2-EC28-4383-8351-4EE43C43505C}.Release|Any CPU.Build.0 = Release|Any CPU
		{0F5A27C8-AB20-42EB-A1F0-91AC0031A339}.Debug|Any CPU.ActiveCfg = Debug|Any CPU
		{0F5A27C8-AB20-42EB-A1F0-91AC0031A339}.Debug|Any CPU.Build.0 = Debug|Any CPU
		{0F5A27C8-AB20-42EB-A1F0-91AC0031A339}.Release|Any CPU.ActiveCfg = Release|Any CPU
		{0F5A27C8-AB20-42EB-A1F0-91AC0031A339}.Release|Any CPU.Build.0 = Release|Any CPU
		{53DD43C2-CF9A-4E46-89EF-E618564402A5}.Debug|Any CPU.ActiveCfg = Debug|Any CPU
		{53DD43C2-CF9A-4E46-89EF-E618564402A5}.Debug|Any CPU.Build.0 = Debug|Any CPU
		{53DD43C2-CF9A-4E46-89EF-E618564402A5}.Release|Any CPU.ActiveCfg = Release|Any CPU
		{53DD43C2-CF9A-4E46-89EF-E618564402A5}.Release|Any CPU.Build.0 = Release|Any CPU
		{FE4E9772-A878-4E62-A872-0431DC3EEBB6}.Debug|Any CPU.ActiveCfg = Debug|Any CPU
		{FE4E9772-A878-4E62-A872-0431DC3EEBB6}.Debug|Any CPU.Build.0 = Debug|Any CPU
		{FE4E9772-A878-4E62-A872-0431DC3EEBB6}.Release|Any CPU.ActiveCfg = Release|Any CPU
		{FE4E9772-A878-4E62-A872-0431DC3EEBB6}.Release|Any CPU.Build.0 = Release|Any CPU
		{806DF707-CE4C-4F21-9334-3C04DC98AF82}.Debug|Any CPU.ActiveCfg = Debug|Any CPU
		{806DF707-CE4C-4F21-9334-3C04DC98AF82}.Debug|Any CPU.Build.0 = Debug|Any CPU
		{806DF707-CE4C-4F21-9334-3C04DC98AF82}.Release|Any CPU.ActiveCfg = Release|Any CPU
		{806DF707-CE4C-4F21-9334-3C04DC98AF82}.Release|Any CPU.Build.0 = Release|Any CPU
		{F1AAC3A7-1F25-4CEC-8C63-5030763984C6}.Debug|Any CPU.ActiveCfg = Debug|Any CPU
		{F1AAC3A7-1F25-4CEC-8C63-5030763984C6}.Debug|Any CPU.Build.0 = Debug|Any CPU
		{F1AAC3A7-1F25-4CEC-8C63-5030763984C6}.Release|Any CPU.ActiveCfg = Release|Any CPU
		{F1AAC3A7-1F25-4CEC-8C63-5030763984C6}.Release|Any CPU.Build.0 = Release|Any CPU
		{B6DCFA5A-5B5D-4631-A9B7-908C70D58937}.Debug|Any CPU.ActiveCfg = Debug|Any CPU
		{B6DCFA5A-5B5D-4631-A9B7-908C70D58937}.Debug|Any CPU.Build.0 = Debug|Any CPU
		{B6DCFA5A-5B5D-4631-A9B7-908C70D58937}.Release|Any CPU.ActiveCfg = Release|Any CPU
		{B6DCFA5A-5B5D-4631-A9B7-908C70D58937}.Release|Any CPU.Build.0 = Release|Any CPU
		{6B57CD21-7A5F-47E6-A301-C796727380FB}.Debug|Any CPU.ActiveCfg = Debug|Any CPU
		{6B57CD21-7A5F-47E6-A301-C796727380FB}.Debug|Any CPU.Build.0 = Debug|Any CPU
		{6B57CD21-7A5F-47E6-A301-C796727380FB}.Release|Any CPU.ActiveCfg = Release|Any CPU
		{6B57CD21-7A5F-47E6-A301-C796727380FB}.Release|Any CPU.Build.0 = Release|Any CPU
		{E07648F0-8A07-4969-86AA-A64F814C3C2D}.Debug|Any CPU.ActiveCfg = Debug|Any CPU
		{E07648F0-8A07-4969-86AA-A64F814C3C2D}.Debug|Any CPU.Build.0 = Debug|Any CPU
		{E07648F0-8A07-4969-86AA-A64F814C3C2D}.Release|Any CPU.ActiveCfg = Release|Any CPU
		{E07648F0-8A07-4969-86AA-A64F814C3C2D}.Release|Any CPU.Build.0 = Release|Any CPU
		{1251B741-E203-40E2-BA78-F748CC74C4CD}.Debug|Any CPU.ActiveCfg = Debug|Any CPU
		{1251B741-E203-40E2-BA78-F748CC74C4CD}.Debug|Any CPU.Build.0 = Debug|Any CPU
		{1251B741-E203-40E2-BA78-F748CC74C4CD}.Release|Any CPU.ActiveCfg = Release|Any CPU
		{1251B741-E203-40E2-BA78-F748CC74C4CD}.Release|Any CPU.Build.0 = Release|Any CPU
		{AF09FE22-3321-407F-AC4A-AF1431BC4D4B}.Debug|Any CPU.ActiveCfg = Debug|Any CPU
		{AF09FE22-3321-407F-AC4A-AF1431BC4D4B}.Debug|Any CPU.Build.0 = Debug|Any CPU
		{AF09FE22-3321-407F-AC4A-AF1431BC4D4B}.Release|Any CPU.ActiveCfg = Release|Any CPU
		{AF09FE22-3321-407F-AC4A-AF1431BC4D4B}.Release|Any CPU.Build.0 = Release|Any CPU
	EndGlobalSection
	GlobalSection(SolutionProperties) = preSolution
		HideSolutionNode = FALSE
	EndGlobalSection
	GlobalSection(NestedProjects) = preSolution
		{84C4F333-032F-41EA-93DE-96304A6BFA22} = {FBCC4771-9592-48F1-BC8D-ACBBD6EF2128}
		{527249F1-9D76-4048-BBA3-6969FF8754B6} = {FBCC4771-9592-48F1-BC8D-ACBBD6EF2128}
		{F39BF783-7332-4F63-981D-C5A4C54BFC1D} = {527249F1-9D76-4048-BBA3-6969FF8754B6}
		{5D6EB527-18C8-409F-8F20-64B1B262B693} = {527249F1-9D76-4048-BBA3-6969FF8754B6}
		{20D2797D-9198-4D4B-A524-D83D82C2A461} = {527249F1-9D76-4048-BBA3-6969FF8754B6}
		{A482A6AA-24D9-4CF1-BF91-DAA43D581F7E} = {527249F1-9D76-4048-BBA3-6969FF8754B6}
		{76040030-9F84-492B-9702-0EB9BD0B2293} = {A482A6AA-24D9-4CF1-BF91-DAA43D581F7E}
		{ABBCB517-46C2-4726-9E9E-B9168CB2F4DB} = {A482A6AA-24D9-4CF1-BF91-DAA43D581F7E}
		{238086D2-EC28-4383-8351-4EE43C43505C} = {A482A6AA-24D9-4CF1-BF91-DAA43D581F7E}
		{0F5A27C8-AB20-42EB-A1F0-91AC0031A339} = {A482A6AA-24D9-4CF1-BF91-DAA43D581F7E}
		{6F520485-F85C-4950-9A76-E2AB05218CA0} = {527249F1-9D76-4048-BBA3-6969FF8754B6}
		{53DD43C2-CF9A-4E46-89EF-E618564402A5} = {6F520485-F85C-4950-9A76-E2AB05218CA0}
		{FE4E9772-A878-4E62-A872-0431DC3EEBB6} = {6F520485-F85C-4950-9A76-E2AB05218CA0}
		{806DF707-CE4C-4F21-9334-3C04DC98AF82} = {6F520485-F85C-4950-9A76-E2AB05218CA0}
		{F1AAC3A7-1F25-4CEC-8C63-5030763984C6} = {6F520485-F85C-4950-9A76-E2AB05218CA0}
		{931D4ED3-29F0-4136-B524-A2891B2BDA2E} = {527249F1-9D76-4048-BBA3-6969FF8754B6}
		{B6DCFA5A-5B5D-4631-A9B7-908C70D58937} = {931D4ED3-29F0-4136-B524-A2891B2BDA2E}
		{6B57CD21-7A5F-47E6-A301-C796727380FB} = {931D4ED3-29F0-4136-B524-A2891B2BDA2E}
		{E07648F0-8A07-4969-86AA-A64F814C3C2D} = {931D4ED3-29F0-4136-B524-A2891B2BDA2E}
		{1251B741-E203-40E2-BA78-F748CC74C4CD} = {931D4ED3-29F0-4136-B524-A2891B2BDA2E}
		{AF09FE22-3321-407F-AC4A-AF1431BC4D4B} = {FBCC4771-9592-48F1-BC8D-ACBBD6EF2128}
	EndGlobalSection
	GlobalSection(ExtensibilityGlobals) = postSolution
		SolutionGuid = {ABE4675D-09A9-4566-B424-6769307837A4}
	EndGlobalSection
EndGlobal
